
Microsoft Visual Studio Solution File, Format Version 12.00
# Visual Studio Version 16
VisualStudioVersion = 16.0.30611.23
MinimumVisualStudioVersion = 10.0.40219.1
Project("{FAE04EC0-301F-11D3-BF4B-00C04F79EFBC}") = "Model", "Model\Model.csproj", "{91C90BD8-B38E-4471-BDB7-B9744BC3B2D1}"
EndProject
Project("{FAE04EC0-301F-11D3-BF4B-00C04F79EFBC}") = "Test", "Test\Test.csproj", "{55F5D6F5-CA6D-412A-AD43-B14051AC77F9}"
	ProjectSection(ProjectDependencies) = postProject
		{91C90BD8-B38E-4471-BDB7-B9744BC3B2D1} = {91C90BD8-B38E-4471-BDB7-B9744BC3B2D1}
	EndProjectSection
EndProject
Project("{FAE04EC0-301F-11D3-BF4B-00C04F79EFBC}") = "Web", "Web\Web.csproj", "{39C68891-EDDA-435F-A428-5A97DFB6A525}"
EndProject
Global
	GlobalSection(SolutionConfigurationPlatforms) = preSolution
		Debug|Any CPU = Debug|Any CPU
		Release|Any CPU = Release|Any CPU
	EndGlobalSection
	GlobalSection(ProjectConfigurationPlatforms) = postSolution
		{91C90BD8-B38E-4471-BDB7-B9744BC3B2D1}.Debug|Any CPU.ActiveCfg = Debug|Any CPU
		{91C90BD8-B38E-4471-BDB7-B9744BC3B2D1}.Debug|Any CPU.Build.0 = Debug|Any CPU
		{91C90BD8-B38E-4471-BDB7-B9744BC3B2D1}.Release|Any CPU.ActiveCfg = Release|Any CPU
		{91C90BD8-B38E-4471-BDB7-B9744BC3B2D1}.Release|Any CPU.Build.0 = Release|Any CPU
		{55F5D6F5-CA6D-412A-AD43-B14051AC77F9}.Debug|Any CPU.ActiveCfg = Debug|Any CPU
		{55F5D6F5-CA6D-412A-AD43-B14051AC77F9}.Debug|Any CPU.Build.0 = Debug|Any CPU
		{55F5D6F5-CA6D-412A-AD43-B14051AC77F9}.Release|Any CPU.ActiveCfg = Release|Any CPU
		{55F5D6F5-CA6D-412A-AD43-B14051AC77F9}.Release|Any CPU.Build.0 = Release|Any CPU
		{39C68891-EDDA-435F-A428-5A97DFB6A525}.Debug|Any CPU.ActiveCfg = Debug|Any CPU
		{39C68891-EDDA-435F-A428-5A97DFB6A525}.Debug|Any CPU.Build.0 = Debug|Any CPU
		{39C68891-EDDA-435F-A428-5A97DFB6A525}.Release|Any CPU.ActiveCfg = Release|Any CPU
		{39C68891-EDDA-435F-A428-5A97DFB6A525}.Release|Any CPU.Build.0 = Release|Any CPU
	EndGlobalSection
	GlobalSection(SolutionProperties) = preSolution
		HideSolutionNode = FALSE
	EndGlobalSection
	GlobalSection(ExtensibilityGlobals) = postSolution
		SolutionGuid = {7CAACF93-18E4-4F50-BCDB-9E0788A7E810}
		EnterpriseLibraryConfigurationToolBinariesPathV6 = packages\EnterpriseLibrary.Common.6.0.1304.0\lib\NET45;packages\EnterpriseLibrary.Logging.6.0.1304.0\lib\NET45
	EndGlobalSection
EndGlobal
